
Microsoft Visual Studio Solution File, Format Version 12.00
# Visual Studio Version 17
VisualStudioVersion = 17.11.35312.102
MinimumVisualStudioVersion = 10.0.40219.1
Project("{FAE04EC0-301F-11D3-BF4B-00C04F79EFBC}") = "Clock_app", "Clock_app.csproj", "{300528E7-5085-4EF7-8C8E-C4D328B2FFE9}"
EndProject
Global
	GlobalSection(SolutionConfigurationPlatforms) = preSolution
		Debug|Any CPU = Debug|Any CPU
		Release|Any CPU = Release|Any CPU
	EndGlobalSection
	GlobalSection(ProjectConfigurationPlatforms) = postSolution
		{300528E7-5085-4EF7-8C8E-C4D328B2FFE9}.Debug|Any CPU.ActiveCfg = Debug|Any CPU
		{300528E7-5085-4EF7-8C8E-C4D328B2FFE9}.Debug|Any CPU.Build.0 = Debug|Any CPU
		{300528E7-5085-4EF7-8C8E-C4D328B2FFE9}.Release|Any CPU.ActiveCfg = Release|Any CPU
		{300528E7-5085-4EF7-8C8E-C4D328B2FFE9}.Release|Any CPU.Build.0 = Release|Any CPU
	EndGlobalSection
	GlobalSection(SolutionProperties) = preSolution
		HideSolutionNode = FALSE
	EndGlobalSection
	GlobalSection(ExtensibilityGlobals) = postSolution
		SolutionGuid = {E5AEF920-2B7C-4E1E-8AEC-25DA754EB605}
	EndGlobalSection
EndGlobal
